# This file was autogenerated by Stack.
# You should not edit this file by hand.
# For more information, please see the documentation at:
#   https://docs.haskellstack.org/en/stable/lock_files

packages:
- completed:
    hackage: cryptonite-0.29@sha256:147724f6a8e4394fcbd51bf52aba7a8b92d3fc8f42055cd6ca9486655e2ab614,18312
    pantry-tree:
      size: 23323
      sha256: 087de3ed0552cfb1f84d03629b0f98c77aadc076b85bb5cb787f77c5e5dac136
  original:
    hackage: cryptonite-0.29
- completed:
    hackage: bytestring-0.10.12.0@sha256:3756939e46a9adb9cd5654442e7a44f53d0ad94fca8a9ad7029cc28fa6b0a081,6070
    pantry-tree:
      size: 2140
      sha256: 4e979f335e85ccb677f171f1e8e4d1139c8bc4e3ace7fb1fdf9bdffe9b0d9287
  original:
    hackage: bytestring-0.10.12.0
- completed:
    hackage: utf8-string-1.0.2@sha256:79416292186feeaf1f60e49ac5a1ffae9bf1b120e040a74bf0e81ca7f1d31d3f,1538
    pantry-tree:
      size: 601
      sha256: 0863c3c9b6ee24dd38873c62e38ac46dd50aff2ea6b362beadf7f9b4a273c75f
  original:
    hackage: utf8-string-1.0.2
- completed:
    hackage: memory-0.16.0@sha256:3bf01f8267c0ee1745a1c0c4aa0dc311709801e950d605d90b5d1a26e2773e49,4895
    pantry-tree:
      size: 2436
      sha256: 9bd98c34cb359b7f8cdc3ad900ec903461b4d785de7c03575f809980acc84073
  original:
    hackage: memory-0.16.0
- completed:
    hackage: random-1.2.1@sha256:8bee24dc0c985a90ee78d94c61f8aed21c49633686f0f1c14c5078d818ee43a2,6598
    pantry-tree:
      size: 1528
      sha256: 8bdc994ce41f43624ab42302a881fe5a0f81d965f5d238841e24943664681a06
  original:
    hackage: random-1.2.1
- completed:
    hackage: hspec-2.8.3@sha256:43a42e23994a6c61a7adead7e8a412016680234f5a14a157f68c020871e59534,1709
    pantry-tree:
      size: 583
      sha256: 44d06a4d76211f29d1ef5de004f363448cdfe65d897bc102ad3218b3fc6b147b
  original:
    hackage: hspec-2.8.3
- completed:
    hackage: hspec-core-2.8.3@sha256:e4c1e08e16842804c470c2b4722e417ed2a556a47a74107401ad42195522f7a7,4992
    pantry-tree:
      size: 4386
      sha256: a1e51583be8ee39c54314f003f251e5221c98594f26fb5e716ddc400ae85b8a3
  original:
    hackage: hspec-core-2.8.3
- completed:
    hackage: hspec-discover-2.8.3@sha256:b94758b375b5a810ea4c4c187381211c3acc77007f6f795c4e79f206ed6da56a,2025
    pantry-tree:
      size: 828
      sha256: 9625353c11b7e231f295cd6070e9c838a49a250488e8ad3324dc5706f33c0fe8
  original:
    hackage: hspec-discover-2.8.3
- completed:
    hackage: process-1.6.13.2@sha256:9733aa8a27b3e6c0f08a87a5c7287b3b73302d396f68f5655f9990a641368e3e,2845
    pantry-tree:
      size: 1543
      sha256: b46aab2c7633f17d71a99e03257aa4f3aea493c22d8719850c0d5e05bdc41552
  original:
    hackage: process-1.6.13.2
snapshots:
- completed:
    size: 587546
    url: https://raw.githubusercontent.com/commercialhaskell/stackage-snapshots/master/lts/18/10.yaml
    sha256: 88b4f81e162ba3adc230a9fcccc4d19ac116377656bab56c7382ca88598b257a
  original:
    url: https://raw.githubusercontent.com/commercialhaskell/stackage-snapshots/master/lts/18/10.yaml
